// !$*UTF8*$!
{
	archiveVersion = 1;
	classes = {
	};
	objectVersion = 46;
	objects = {

/* Begin PBXBuildFile section */
		F8F022BD1C55FC2D002B0A00 /* app.main.h in Headers */ = {isa = PBXBuildFile; fileRef = F8F022BC1C55FC2D002B0A00 /* app.main.h */; settings = {ATTRIBUTES = (Public, ); }; };
		F8F022E01C560938002B0A00 /* ESTabBarController.h in Headers */ = {isa = PBXBuildFile; fileRef = F8F022DE1C560938002B0A00 /* ESTabBarController.h */; };
		F8F022E11C560938002B0A00 /* ESTabBarController.m in Sources */ = {isa = PBXBuildFile; fileRef = F8F022DF1C560938002B0A00 /* ESTabBarController.m */; };
/* End PBXBuildFile section */

/* Begin PBXFileReference section */
		F8F022B91C55FC2D002B0A00 /* net_wequick_example_small_app_main.framework */ = {isa = PBXFileReference; explicitFileType = wrapper.framework; includeInIndex = 0; path = net_wequick_example_small_app_main.framework; sourceTree = BUILT_PRODUCTS_DIR; };
		F8F022BC1C55FC2D002B0A00 /* app.main.h */ = {isa = PBXFileReference; lastKnownFileType = sourcecode.c.h; path = app.main.h; sourceTree = "<group>"; };
		F8F022BE1C55FC2D002B0A00 /* Info.plist */ = {isa = PBXFileReference; lastKnownFileType = text.plist.xml; path = Info.plist; sourceTree = "<group>"; };
		F8F022DE1C560938002B0A00 /* ESTabBarController.h */ = {isa = PBXFileReference; fileEncoding = 4; lastKnownFileType = sourcecode.c.h; path = ESTabBarController.h; sourceTree = "<group>"; };
		F8F022DF1C560938002B0A00 /* ESTabBarController.m */ = {isa = PBXFileReference; fileEncoding = 4; lastKnownFileType = sourcecode.c.objc; path = ESTabBarController.m; sourceTree = "<group>"; };
/* End PBXFileReference section */

/* Begin PBXFrameworksBuildPhase section */
		F8F022B51C55FC2D002B0A00 /* Frameworks */ = {
			isa = PBXFrameworksBuildPhase;
			buildActionMask = 2147483647;
			files = (
			);
			runOnlyForDeploymentPostprocessing = 0;
		};
/* End PBXFrameworksBuildPhase section */

/* Begin PBXGroup section */
		F8F022AF1C55FC2D002B0A00 = {
			isa = PBXGroup;
			children = (
				F8F022BB1C55FC2D002B0A00 /* app.main */,
				F8F022BA1C55FC2D002B0A00 /* Products */,
			);
			sourceTree = "<group>";
		};
		F8F022BA1C55FC2D002B0A00 /* Products */ = {
			isa = PBXGroup;
			children = (
				F8F022B91C55FC2D002B0A00 /* net_wequick_example_small_app_main.framework */,
			);
			name = Products;
			sourceTree = "<group>";
		};
		F8F022BB1C55FC2D002B0A00 /* app.main */ = {
			isa = PBXGroup;
			children = (
				F8F022BC1C55FC2D002B0A00 /* app.main.h */,
				F8F022BE1C55FC2D002B0A00 /* Info.plist */,
				F8F022DE1C560938002B0A00 /* ESTabBarController.h */,
				F8F022DF1C560938002B0A00 /* ESTabBarController.m */,
			);
			path = app.main;
			sourceTree = "<group>";
		};
/* End PBXGroup section */

/* Begin PBXHeadersBuildPhase section */
		F8F022B61C55FC2D002B0A00 /* Headers */ = {
			isa = PBXHeadersBuildPhase;
			buildActionMask = 2147483647;
			files = (
				F8F022E01C560938002B0A00 /* ESTabBarController.h in Headers */,
				F8F022BD1C55FC2D002B0A00 /* app.main.h in Headers */,
			);
			runOnlyForDeploymentPostprocessing = 0;
		};
/* End PBXHeadersBuildPhase section */

/* Begin PBXNativeTarget section */
		F8F022B81C55FC2D002B0A00 /* app.main */ = {
			isa = PBXNativeTarget;
			buildConfigurationList = F8F022C11C55FC2D002B0A00 /* Build configuration list for PBXNativeTarget "app.main" */;
			buildPhases = (
				F8F022B41C55FC2D002B0A00 /* Sources */,
				F8F022B51C55FC2D002B0A00 /* Frameworks */,
				F8F022B61C55FC2D002B0A00 /* Headers */,
				F8F022B71C55FC2D002B0A00 /* Resources */,
			);
			buildRules = (
			);
			dependencies = (
			);
			name = app.main;
			productName = app.main;
			productReference = F8F022B91C55FC2D002B0A00 /* net_wequick_example_small_app_main.framework */;
			productType = "com.apple.product-type.framework";
		};
/* End PBXNativeTarget section */

/* Begin PBXProject section */
		F8F022B01C55FC2D002B0A00 /* Project object */ = {
			isa = PBXProject;
			attributes = {
				LastUpgradeCheck = 0710;
				ORGANIZATIONNAME = galen;
				TargetAttributes = {
					F8F022B81C55FC2D002B0A00 = {
						CreatedOnToolsVersion = 7.1;
					};
				};
			};
			buildConfigurationList = F8F022B31C55FC2D002B0A00 /* Build configuration list for PBXProject "app.main" */;
			compatibilityVersion = "Xcode 3.2";
			developmentRegion = English;
			hasScannedForEncodings = 0;
			knownRegions = (
				en,
			);
			mainGroup = F8F022AF1C55FC2D002B0A00;
			productRefGroup = F8F022BA1C55FC2D002B0A00 /* Products */;
			projectDirPath = "";
			projectRoot = "";
			targets = (
				F8F022B81C55FC2D002B0A00 /* app.main */,
			);
		};
/* End PBXProject section */

/* Begin PBXResourcesBuildPhase section */
		F8F022B71C55FC2D002B0A00 /* Resources */ = {
			isa = PBXResourcesBuildPhase;
			buildActionMask = 2147483647;
			files = (
			);
			runOnlyForDeploymentPostprocessing = 0;
		};
/* End PBXResourcesBuildPhase section */

/* Begin PBXSourcesBuildPhase section */
		F8F022B41C55FC2D002B0A00 /* Sources */ = {
			isa = PBXSourcesBuildPhase;
			buildActionMask = 2147483647;
			files = (
				F8F022E11C560938002B0A00 /* ESTabBarController.m in Sources */,
			);
			runOnlyForDeploymentPostprocessing = 0;
		};
/* End PBXSourcesBuildPhase section */

/* Begin XCBuildConfiguration section */
		F8F022BF1C55FC2D002B0A00 /* Debug */ = {
			isa = XCBuildConfiguration;
			buildSettings = {
				ALWAYS_SEARCH_USER_PATHS = NO;
				CLANG_CXX_LANGUAGE_STANDARD = "gnu++0x";
				CLANG_CXX_LIBRARY = "libc++";
				CLANG_ENABLE_MODULES = YES;
				CLANG_ENABLE_OBJC_ARC = YES;
				CLANG_WARN_BOOL_CONVERSION = YES;
				CLANG_WARN_CONSTANT_CONVERSION = YES;
				CLANG_WARN_DIRECT_OBJC_ISA_USAGE = YES_ERROR;
				CLANG_WARN_EMPTY_BODY = YES;
				CLANG_WARN_ENUM_CONVERSION = YES;
				CLANG_WARN_INT_CONVERSION = YES;
				CLANG_WARN_OBJC_ROOT_CLASS = YES_ERROR;
				CLANG_WARN_UNREACHABLE_CODE = YES;
				CLANG_WARN__DUPLICATE_METHOD_MATCH = YES;
				"CODE_SIGN_IDENTITY[sdk=iphoneos*]" = "iPhone Developer";
				COPY_PHASE_STRIP = NO;
				CURRENT_PROJECT_VERSION = 1;
				DEBUG_INFORMATION_FORMAT = dwarf;
				ENABLE_STRICT_OBJC_MSGSEND = YES;
				ENABLE_TESTABILITY = YES;
				GCC_C_LANGUAGE_STANDARD = gnu99;
				GCC_DYNAMIC_NO_PIC = NO;
				GCC_NO_COMMON_BLOCKS = YES;
				GCC_OPTIMIZATION_LEVEL = 0;
				GCC_PREPROCESSOR_DEFINITIONS = (
					"DEBUG=1",
					"$(inherited)",
				);
				GCC_WARN_64_TO_32_BIT_CONVERSION = YES;
				GCC_WARN_ABOUT_RETURN_TYPE = YES_ERROR;
				GCC_WARN_UNDECLARED_SELECTOR = YES;
				GCC_WARN_UNINITIALIZED_AUTOS = YES_AGGRESSIVE;
				GCC_WARN_UNUSED_FUNCTION = YES;
				GCC_WARN_UNUSED_VARIABLE = YES;
				IPHONEOS_DEPLOYMENT_TARGET = 9.1;
				MTL_ENABLE_DEBUG_INFO = YES;
				ONLY_ACTIVE_ARCH = YES;
				SDKROOT = iphoneos;
				TARGETED_DEVICE_FAMILY = "1,2";
				VERSIONING_SYSTEM = "apple-generic";
				VERSION_INFO_PREFIX = "";
			};
			name = Debug;
		};
		F8F022C01C55FC2D002B0A00 /* Release */ = {
			isa = XCBuildConfiguration;
			buildSettings = {
				ALWAYS_SEARCH_USER_PATHS = NO;
				CLANG_CXX_LANGUAGE_STANDARD = "gnu++0x";
				CLANG_CXX_LIBRARY = "libc++";
				CLANG_ENABLE_MODULES = YES;
				CLANG_ENABLE_OBJC_ARC = YES;
				CLANG_WARN_BOOL_CONVERSION = YES;
				CLANG_WARN_CONSTANT_CONVERSION = YES;
				CLANG_WARN_DIRECT_OBJC_ISA_USAGE = YES_ERROR;
				CLANG_WARN_EMPTY_BODY = YES;
				CLANG_WARN_ENUM_CONVERSION = YES;
				CLANG_WARN_INT_CONVERSION = YES;
				CLANG_WARN_OBJC_ROOT_CLASS = YES_ERROR;
				CLANG_WARN_UNREACHABLE_CODE = YES;
				CLANG_WARN__DUPLICATE_METHOD_MATCH = YES;
				"CODE_SIGN_IDENTITY[sdk=iphoneos*]" = "iPhone Developer";
				COPY_PHASE_STRIP = NO;
				CURRENT_PROJECT_VERSION = 1;
				DEBUG_INFORMATION_FORMAT = "dwarf-with-dsym";
				ENABLE_NS_ASSERTIONS = NO;
				ENABLE_STRICT_OBJC_MSGSEND = YES;
				GCC_C_LANGUAGE_STANDARD = gnu99;
				GCC_NO_COMMON_BLOCKS = YES;
				GCC_WARN_64_TO_32_BIT_CONVERSION = YES;
				GCC_WARN_ABOUT_RETURN_TYPE = YES_ERROR;
				GCC_WARN_UNDECLARED_SELECTOR = YES;
				GCC_WARN_UNINITIALIZED_AUTOS = YES_AGGRESSIVE;
				GCC_WARN_UNUSED_FUNCTION = YES;
				GCC_WARN_UNUSED_VARIABLE = YES;
				IPHONEOS_DEPLOYMENT_TARGET = 9.1;
				MTL_ENABLE_DEBUG_INFO = NO;
				SDKROOT = iphoneos;
				TARGETED_DEVICE_FAMILY = "1,2";
				VALIDATE_PRODUCT = YES;
				VERSIONING_SYSTEM = "apple-generic";
				VERSION_INFO_PREFIX = "";
			};
			name = Release;
		};
		F8F022C21C55FC2D002B0A00 /* Debug */ = {
			isa = XCBuildConfiguration;
			buildSettings = {
				CODE_SIGN_IDENTITY = "iPhone Developer";
				DEFINES_MODULE = YES;
				DYLIB_COMPATIBILITY_VERSION = 1;
				DYLIB_CURRENT_VERSION = 1;
				DYLIB_INSTALL_NAME_BASE = "@rpath";
				INFOPLIST_FILE = app.main/Info.plist;
				INSTALL_PATH = "$(LOCAL_LIBRARY_DIR)/Frameworks";
				LD_RUNPATH_SEARCH_PATHS = "$(inherited) @executable_path/Frameworks @loader_path/Frameworks";
				PRODUCT_BUNDLE_IDENTIFIER = net.wequick.example.small.app.main;
				PRODUCT_NAME = net_wequick_example_small_app_main;
				PROVISIONING_PROFILE = "";
				SKIP_INSTALL = YES;
			};
			name = Debug;
		};
		F8F022C31C55FC2D002B0A00 /* Release */ = {
			isa = XCBuildConfiguration;
			buildSettings = {
				CODE_SIGN_IDENTITY = "";
				DEFINES_MODULE = YES;
				DYLIB_COMPATIBILITY_VERSION = 1;
				DYLIB_CURRENT_VERSION = 1;
				DYLIB_INSTALL_NAME_BASE = "@rpath";
				INFOPLIST_FILE = app.main/Info.plist;
				INSTALL_PATH = "$(LOCAL_LIBRARY_DIR)/Frameworks";
				LD_RUNPATH_SEARCH_PATHS = "$(inherited) @executable_path/Frameworks @loader_path/Frameworks";
				PRODUCT_BUNDLE_IDENTIFIER = net.wequick.example.small.app.main;
				PRODUCT_NAME = net_wequick_example_small_app_main;
				PROVISIONING_PROFILE = "";
				SKIP_INSTALL = YES;
			};
			name = Release;
		};
/* End XCBuildConfiguration section */

/* Begin XCConfigurationList section */
		F8F022B31C55FC2D002B0A00 /* Build configuration list for PBXProject "app.main" */ = {
			isa = XCConfigurationList;
			buildConfigurations = (
				F8F022BF1C55FC2D002B0A00 /* Debug */,
				F8F022C01C55FC2D002B0A00 /* Release */,
			);
			defaultConfigurationIsVisible = 0;
			defaultConfigurationName = Release;
		};
		F8F022C11C55FC2D002B0A00 /* Build configuration list for PBXNativeTarget "app.main" */ = {
			isa = XCConfigurationList;
			buildConfigurations = (
				F8F022C21C55FC2D002B0A00 /* Debug */,
				F8F022C31C55FC2D002B0A00 /* Release */,
			);
			defaultConfigurationIsVisible = 0;
			defaultConfigurationName = Release;
		};
/* End XCConfigurationList section */
	};
	rootObject = F8F022B01C55FC2D002B0A00 /* Project object */;
}
